
Microsoft Visual Studio Solution File, Format Version 12.00
# Visual Studio Version 17
VisualStudioVersion = 17.9.34622.214
MinimumVisualStudioVersion = 10.0.40219.1
Project("{8BC9CEB8-8B4A-11D0-8D11-00A0C91BC942}") = "오목5", "오목5\오목5.vcxproj", "{23F95933-C3A4-4852-9965-BC3BCEAD2F26}"
EndProject
Global
	GlobalSection(SolutionConfigurationPlatforms) = preSolution
		Debug|x64 = Debug|x64
		Debug|x86 = Debug|x86
		Release|x64 = Release|x64
		Release|x86 = Release|x86
	EndGlobalSection
	GlobalSection(ProjectConfigurationPlatforms) = postSolution
		{23F95933-C3A4-4852-9965-BC3BCEAD2F26}.Debug|x64.ActiveCfg = Debug|x64
		{23F95933-C3A4-4852-9965-BC3BCEAD2F26}.Debug|x64.Build.0 = Debug|x64
		{23F95933-C3A4-4852-9965-BC3BCEAD2F26}.Debug|x86.ActiveCfg = Debug|Win32
		{23F95933-C3A4-4852-9965-BC3BCEAD2F26}.Debug|x86.Build.0 = Debug|Win32
		{23F95933-C3A4-4852-9965-BC3BCEAD2F26}.Release|x64.ActiveCfg = Release|x64
		{23F95933-C3A4-4852-9965-BC3BCEAD2F26}.Release|x64.Build.0 = Release|x64
		{23F95933-C3A4-4852-9965-BC3BCEAD2F26}.Release|x86.ActiveCfg = Release|Win32
		{23F95933-C3A4-4852-9965-BC3BCEAD2F26}.Release|x86.Build.0 = Release|Win32
	EndGlobalSection
	GlobalSection(SolutionProperties) = preSolution
		HideSolutionNode = FALSE
	EndGlobalSection
	GlobalSection(ExtensibilityGlobals) = postSolution
		SolutionGuid = {AF63DC7B-210C-479D-AF28-37407D3273EE}
	EndGlobalSection
EndGlobal
