<<<<<<< HEAD
﻿
Microsoft Visual Studio Solution File, Format Version 12.00
# Visual Studio Version 17
VisualStudioVersion = 17.10.34916.146
MinimumVisualStudioVersion = 10.0.40219.1
Project("{8BC9CEB8-8B4A-11D0-8D11-00A0C91BC942}") = "Project2", "Project2\Project2.vcxproj", "{EEBEDFED-D278-4502-B470-7939C8B9BF75}"
EndProject
Global
	GlobalSection(SolutionConfigurationPlatforms) = preSolution
		Debug|x64 = Debug|x64
		Debug|x86 = Debug|x86
		Release|x64 = Release|x64
		Release|x86 = Release|x86
	EndGlobalSection
	GlobalSection(ProjectConfigurationPlatforms) = postSolution
		{EEBEDFED-D278-4502-B470-7939C8B9BF75}.Debug|x64.ActiveCfg = Debug|x64
		{EEBEDFED-D278-4502-B470-7939C8B9BF75}.Debug|x64.Build.0 = Debug|x64
		{EEBEDFED-D278-4502-B470-7939C8B9BF75}.Debug|x86.ActiveCfg = Debug|Win32
		{EEBEDFED-D278-4502-B470-7939C8B9BF75}.Debug|x86.Build.0 = Debug|Win32
		{EEBEDFED-D278-4502-B470-7939C8B9BF75}.Release|x64.ActiveCfg = Release|x64
		{EEBEDFED-D278-4502-B470-7939C8B9BF75}.Release|x64.Build.0 = Release|x64
		{EEBEDFED-D278-4502-B470-7939C8B9BF75}.Release|x86.ActiveCfg = Release|Win32
		{EEBEDFED-D278-4502-B470-7939C8B9BF75}.Release|x86.Build.0 = Release|Win32
	EndGlobalSection
	GlobalSection(SolutionProperties) = preSolution
		HideSolutionNode = FALSE
	EndGlobalSection
	GlobalSection(ExtensibilityGlobals) = postSolution
		SolutionGuid = {AF3E64E8-71E1-4CD7-9F93-EB98DCFBA8ED}
	EndGlobalSection
EndGlobal
=======
﻿
Microsoft Visual Studio Solution File, Format Version 12.00
# Visual Studio Version 17
VisualStudioVersion = 17.9.34902.65
MinimumVisualStudioVersion = 10.0.40219.1
Project("{8BC9CEB8-8B4A-11D0-8D11-00A0C91BC942}") = "Project2", "Project2\Project2.vcxproj", "{84289403-AA63-4D73-B94C-B8BECA9F8750}"
EndProject
Global
	GlobalSection(SolutionConfigurationPlatforms) = preSolution
		Debug|ARM64 = Debug|ARM64
		Debug|x64 = Debug|x64
		Debug|x86 = Debug|x86
		Release|ARM64 = Release|ARM64
		Release|x64 = Release|x64
		Release|x86 = Release|x86
	EndGlobalSection
	GlobalSection(ProjectConfigurationPlatforms) = postSolution
		{84289403-AA63-4D73-B94C-B8BECA9F8750}.Debug|ARM64.ActiveCfg = Debug|ARM64
		{84289403-AA63-4D73-B94C-B8BECA9F8750}.Debug|ARM64.Build.0 = Debug|ARM64
		{84289403-AA63-4D73-B94C-B8BECA9F8750}.Debug|x64.ActiveCfg = Debug|x64
		{84289403-AA63-4D73-B94C-B8BECA9F8750}.Debug|x64.Build.0 = Debug|x64
		{84289403-AA63-4D73-B94C-B8BECA9F8750}.Debug|x86.ActiveCfg = Debug|Win32
		{84289403-AA63-4D73-B94C-B8BECA9F8750}.Debug|x86.Build.0 = Debug|Win32
		{84289403-AA63-4D73-B94C-B8BECA9F8750}.Release|ARM64.ActiveCfg = Release|ARM64
		{84289403-AA63-4D73-B94C-B8BECA9F8750}.Release|ARM64.Build.0 = Release|ARM64
		{84289403-AA63-4D73-B94C-B8BECA9F8750}.Release|x64.ActiveCfg = Release|x64
		{84289403-AA63-4D73-B94C-B8BECA9F8750}.Release|x64.Build.0 = Release|x64
		{84289403-AA63-4D73-B94C-B8BECA9F8750}.Release|x86.ActiveCfg = Release|Win32
		{84289403-AA63-4D73-B94C-B8BECA9F8750}.Release|x86.Build.0 = Release|Win32
	EndGlobalSection
	GlobalSection(SolutionProperties) = preSolution
		HideSolutionNode = FALSE
	EndGlobalSection
	GlobalSection(ExtensibilityGlobals) = postSolution
		SolutionGuid = {D7825D43-AAB1-4FF3-8FF2-A7D3FFF88D49}
	EndGlobalSection
EndGlobal
>>>>>>> e770071d9b4109db9166936ca4b0ef35b89f8c7a
