
Microsoft Visual Studio Solution File, Format Version 12.00
# Visual Studio Version 17
VisualStudioVersion = 17.7.34024.191
MinimumVisualStudioVersion = 10.0.40219.1
Project("{8BC9CEB8-8B4A-11D0-8D11-00A0C91BC942}") = "시험연습2", "시험연습2\시험연습2.vcxproj", "{2872CEF4-A4CA-49D1-8627-D260B067D343}"
EndProject
Global
	GlobalSection(SolutionConfigurationPlatforms) = preSolution
		Debug|ARM64 = Debug|ARM64
		Debug|x64 = Debug|x64
		Debug|x86 = Debug|x86
		Release|ARM64 = Release|ARM64
		Release|x64 = Release|x64
		Release|x86 = Release|x86
	EndGlobalSection
	GlobalSection(ProjectConfigurationPlatforms) = postSolution
		{2872CEF4-A4CA-49D1-8627-D260B067D343}.Debug|ARM64.ActiveCfg = Debug|ARM64
		{2872CEF4-A4CA-49D1-8627-D260B067D343}.Debug|ARM64.Build.0 = Debug|ARM64
		{2872CEF4-A4CA-49D1-8627-D260B067D343}.Debug|x64.ActiveCfg = Debug|x64
		{2872CEF4-A4CA-49D1-8627-D260B067D343}.Debug|x64.Build.0 = Debug|x64
		{2872CEF4-A4CA-49D1-8627-D260B067D343}.Debug|x86.ActiveCfg = Debug|Win32
		{2872CEF4-A4CA-49D1-8627-D260B067D343}.Debug|x86.Build.0 = Debug|Win32
		{2872CEF4-A4CA-49D1-8627-D260B067D343}.Release|ARM64.ActiveCfg = Release|ARM64
		{2872CEF4-A4CA-49D1-8627-D260B067D343}.Release|ARM64.Build.0 = Release|ARM64
		{2872CEF4-A4CA-49D1-8627-D260B067D343}.Release|x64.ActiveCfg = Release|x64
		{2872CEF4-A4CA-49D1-8627-D260B067D343}.Release|x64.Build.0 = Release|x64
		{2872CEF4-A4CA-49D1-8627-D260B067D343}.Release|x86.ActiveCfg = Release|Win32
		{2872CEF4-A4CA-49D1-8627-D260B067D343}.Release|x86.Build.0 = Release|Win32
	EndGlobalSection
	GlobalSection(SolutionProperties) = preSolution
		HideSolutionNode = FALSE
	EndGlobalSection
	GlobalSection(ExtensibilityGlobals) = postSolution
		SolutionGuid = {3A596DE4-1A4A-4AA1-A407-120B6C351B76}
	EndGlobalSection
EndGlobal
