
Microsoft Visual Studio Solution File, Format Version 12.00
# Visual Studio Version 17
VisualStudioVersion = 17.7.34024.191
MinimumVisualStudioVersion = 10.0.40219.1
Project("{8BC9CEB8-8B4A-11D0-8D11-00A0C91BC942}") = "20240508_s_5_2", "20240508_s_5_2\20240508_s_5_2.vcxproj", "{34F90FE7-31BC-4F22-9B97-67D9B5305737}"
EndProject
Global
	GlobalSection(SolutionConfigurationPlatforms) = preSolution
		Debug|ARM64 = Debug|ARM64
		Debug|x64 = Debug|x64
		Debug|x86 = Debug|x86
		Release|ARM64 = Release|ARM64
		Release|x64 = Release|x64
		Release|x86 = Release|x86
	EndGlobalSection
	GlobalSection(ProjectConfigurationPlatforms) = postSolution
		{34F90FE7-31BC-4F22-9B97-67D9B5305737}.Debug|ARM64.ActiveCfg = Debug|ARM64
		{34F90FE7-31BC-4F22-9B97-67D9B5305737}.Debug|ARM64.Build.0 = Debug|ARM64
		{34F90FE7-31BC-4F22-9B97-67D9B5305737}.Debug|x64.ActiveCfg = Debug|x64
		{34F90FE7-31BC-4F22-9B97-67D9B5305737}.Debug|x64.Build.0 = Debug|x64
		{34F90FE7-31BC-4F22-9B97-67D9B5305737}.Debug|x86.ActiveCfg = Debug|Win32
		{34F90FE7-31BC-4F22-9B97-67D9B5305737}.Debug|x86.Build.0 = Debug|Win32
		{34F90FE7-31BC-4F22-9B97-67D9B5305737}.Release|ARM64.ActiveCfg = Release|ARM64
		{34F90FE7-31BC-4F22-9B97-67D9B5305737}.Release|ARM64.Build.0 = Release|ARM64
		{34F90FE7-31BC-4F22-9B97-67D9B5305737}.Release|x64.ActiveCfg = Release|x64
		{34F90FE7-31BC-4F22-9B97-67D9B5305737}.Release|x64.Build.0 = Release|x64
		{34F90FE7-31BC-4F22-9B97-67D9B5305737}.Release|x86.ActiveCfg = Release|Win32
		{34F90FE7-31BC-4F22-9B97-67D9B5305737}.Release|x86.Build.0 = Release|Win32
	EndGlobalSection
	GlobalSection(SolutionProperties) = preSolution
		HideSolutionNode = FALSE
	EndGlobalSection
	GlobalSection(ExtensibilityGlobals) = postSolution
		SolutionGuid = {BED651BB-A1AB-4132-9F40-0B2351C48255}
	EndGlobalSection
EndGlobal
