
Microsoft Visual Studio Solution File, Format Version 12.00
# Visual Studio Version 17
VisualStudioVersion = 17.10.34928.147
MinimumVisualStudioVersion = 10.0.40219.1
Project("{8BC9CEB8-8B4A-11D0-8D11-00A0C91BC942}") = "8", "8\8.vcxproj", "{A3E08FC0-96E3-4B4C-A240-97B8E4FEACFE}"
EndProject
Global
	GlobalSection(SolutionConfigurationPlatforms) = preSolution
		Debug|x64 = Debug|x64
		Debug|x86 = Debug|x86
		Release|x64 = Release|x64
		Release|x86 = Release|x86
	EndGlobalSection
	GlobalSection(ProjectConfigurationPlatforms) = postSolution
		{A3E08FC0-96E3-4B4C-A240-97B8E4FEACFE}.Debug|x64.ActiveCfg = Debug|x64
		{A3E08FC0-96E3-4B4C-A240-97B8E4FEACFE}.Debug|x64.Build.0 = Debug|x64
		{A3E08FC0-96E3-4B4C-A240-97B8E4FEACFE}.Debug|x86.ActiveCfg = Debug|Win32
		{A3E08FC0-96E3-4B4C-A240-97B8E4FEACFE}.Debug|x86.Build.0 = Debug|Win32
		{A3E08FC0-96E3-4B4C-A240-97B8E4FEACFE}.Release|x64.ActiveCfg = Release|x64
		{A3E08FC0-96E3-4B4C-A240-97B8E4FEACFE}.Release|x64.Build.0 = Release|x64
		{A3E08FC0-96E3-4B4C-A240-97B8E4FEACFE}.Release|x86.ActiveCfg = Release|Win32
		{A3E08FC0-96E3-4B4C-A240-97B8E4FEACFE}.Release|x86.Build.0 = Release|Win32
	EndGlobalSection
	GlobalSection(SolutionProperties) = preSolution
		HideSolutionNode = FALSE
	EndGlobalSection
	GlobalSection(ExtensibilityGlobals) = postSolution
		SolutionGuid = {20D26075-BC3A-4AA2-8F0C-998D02DCCF58}
	EndGlobalSection
EndGlobal
