<<<<<<< HEAD
﻿
Microsoft Visual Studio Solution File, Format Version 12.00
# Visual Studio Version 17
VisualStudioVersion = 17.9.34902.65
MinimumVisualStudioVersion = 10.0.40219.1
Project("{8BC9CEB8-8B4A-11D0-8D11-00A0C91BC942}") = "Project3", "Project3\Project3.vcxproj", "{5FF6F55B-8B89-4820-A557-9CF7E1B91B44}"
EndProject
Global
	GlobalSection(SolutionConfigurationPlatforms) = preSolution
		Debug|ARM64 = Debug|ARM64
		Debug|x64 = Debug|x64
		Debug|x86 = Debug|x86
		Release|ARM64 = Release|ARM64
		Release|x64 = Release|x64
		Release|x86 = Release|x86
	EndGlobalSection
	GlobalSection(ProjectConfigurationPlatforms) = postSolution
		{5FF6F55B-8B89-4820-A557-9CF7E1B91B44}.Debug|ARM64.ActiveCfg = Debug|ARM64
		{5FF6F55B-8B89-4820-A557-9CF7E1B91B44}.Debug|ARM64.Build.0 = Debug|ARM64
		{5FF6F55B-8B89-4820-A557-9CF7E1B91B44}.Debug|x64.ActiveCfg = Debug|x64
		{5FF6F55B-8B89-4820-A557-9CF7E1B91B44}.Debug|x64.Build.0 = Debug|x64
		{5FF6F55B-8B89-4820-A557-9CF7E1B91B44}.Debug|x86.ActiveCfg = Debug|Win32
		{5FF6F55B-8B89-4820-A557-9CF7E1B91B44}.Debug|x86.Build.0 = Debug|Win32
		{5FF6F55B-8B89-4820-A557-9CF7E1B91B44}.Release|ARM64.ActiveCfg = Release|ARM64
		{5FF6F55B-8B89-4820-A557-9CF7E1B91B44}.Release|ARM64.Build.0 = Release|ARM64
		{5FF6F55B-8B89-4820-A557-9CF7E1B91B44}.Release|x64.ActiveCfg = Release|x64
		{5FF6F55B-8B89-4820-A557-9CF7E1B91B44}.Release|x64.Build.0 = Release|x64
		{5FF6F55B-8B89-4820-A557-9CF7E1B91B44}.Release|x86.ActiveCfg = Release|Win32
		{5FF6F55B-8B89-4820-A557-9CF7E1B91B44}.Release|x86.Build.0 = Release|Win32
	EndGlobalSection
	GlobalSection(SolutionProperties) = preSolution
		HideSolutionNode = FALSE
	EndGlobalSection
	GlobalSection(ExtensibilityGlobals) = postSolution
		SolutionGuid = {D950DBDD-CBB9-4812-83F0-5BFB71665034}
	EndGlobalSection
EndGlobal
=======
﻿
Microsoft Visual Studio Solution File, Format Version 12.00
# Visual Studio Version 17
VisualStudioVersion = 17.10.34916.146
MinimumVisualStudioVersion = 10.0.40219.1
Project("{8BC9CEB8-8B4A-11D0-8D11-00A0C91BC942}") = "Project3", "Project3\Project3.vcxproj", "{57819DE6-CDAC-4A80-8130-A6C820548A44}"
EndProject
Global
	GlobalSection(SolutionConfigurationPlatforms) = preSolution
		Debug|x64 = Debug|x64
		Debug|x86 = Debug|x86
		Release|x64 = Release|x64
		Release|x86 = Release|x86
	EndGlobalSection
	GlobalSection(ProjectConfigurationPlatforms) = postSolution
		{57819DE6-CDAC-4A80-8130-A6C820548A44}.Debug|x64.ActiveCfg = Debug|x64
		{57819DE6-CDAC-4A80-8130-A6C820548A44}.Debug|x64.Build.0 = Debug|x64
		{57819DE6-CDAC-4A80-8130-A6C820548A44}.Debug|x86.ActiveCfg = Debug|Win32
		{57819DE6-CDAC-4A80-8130-A6C820548A44}.Debug|x86.Build.0 = Debug|Win32
		{57819DE6-CDAC-4A80-8130-A6C820548A44}.Release|x64.ActiveCfg = Release|x64
		{57819DE6-CDAC-4A80-8130-A6C820548A44}.Release|x64.Build.0 = Release|x64
		{57819DE6-CDAC-4A80-8130-A6C820548A44}.Release|x86.ActiveCfg = Release|Win32
		{57819DE6-CDAC-4A80-8130-A6C820548A44}.Release|x86.Build.0 = Release|Win32
	EndGlobalSection
	GlobalSection(SolutionProperties) = preSolution
		HideSolutionNode = FALSE
	EndGlobalSection
	GlobalSection(ExtensibilityGlobals) = postSolution
		SolutionGuid = {16F2A5EB-2C95-43EA-A004-255171AE4553}
	EndGlobalSection
EndGlobal
>>>>>>> 796e7731256a4354e48bb73d8ccf6dac60dad02b
