
Microsoft Visual Studio Solution File, Format Version 12.00
# Visual Studio Version 17
VisualStudioVersion = 17.9.34622.214
MinimumVisualStudioVersion = 10.0.40219.1
Project("{8BC9CEB8-8B4A-11D0-8D11-00A0C91BC942}") = "INVERSUS", "INVERSUS\INVERSUS.vcxproj", "{3AFB07AE-9579-442C-A215-C7801694083C}"
EndProject
Global
	GlobalSection(SolutionConfigurationPlatforms) = preSolution
		Debug|x64 = Debug|x64
		Debug|x86 = Debug|x86
		Release|x64 = Release|x64
		Release|x86 = Release|x86
	EndGlobalSection
	GlobalSection(ProjectConfigurationPlatforms) = postSolution
		{3AFB07AE-9579-442C-A215-C7801694083C}.Debug|x64.ActiveCfg = Debug|x64
		{3AFB07AE-9579-442C-A215-C7801694083C}.Debug|x64.Build.0 = Debug|x64
		{3AFB07AE-9579-442C-A215-C7801694083C}.Debug|x86.ActiveCfg = Debug|Win32
		{3AFB07AE-9579-442C-A215-C7801694083C}.Debug|x86.Build.0 = Debug|Win32
		{3AFB07AE-9579-442C-A215-C7801694083C}.Release|x64.ActiveCfg = Release|x64
		{3AFB07AE-9579-442C-A215-C7801694083C}.Release|x64.Build.0 = Release|x64
		{3AFB07AE-9579-442C-A215-C7801694083C}.Release|x86.ActiveCfg = Release|Win32
		{3AFB07AE-9579-442C-A215-C7801694083C}.Release|x86.Build.0 = Release|Win32
	EndGlobalSection
	GlobalSection(SolutionProperties) = preSolution
		HideSolutionNode = FALSE
	EndGlobalSection
	GlobalSection(ExtensibilityGlobals) = postSolution
		SolutionGuid = {B930ED48-DAE9-4A66-9457-FA23F6C7267D}
	EndGlobalSection
EndGlobal
