
Microsoft Visual Studio Solution File, Format Version 12.00
# Visual Studio Version 17
VisualStudioVersion = 17.7.34024.191
MinimumVisualStudioVersion = 10.0.40219.1
Project("{8BC9CEB8-8B4A-11D0-8D11-00A0C91BC942}") = "20240416_s_3_4", "20240416_s_3_4\20240416_s_3_4.vcxproj", "{958F0A78-CAFD-4E26-84CB-26924F9AAE3D}"
EndProject
Global
	GlobalSection(SolutionConfigurationPlatforms) = preSolution
		Debug|ARM64 = Debug|ARM64
		Debug|x64 = Debug|x64
		Debug|x86 = Debug|x86
		Release|ARM64 = Release|ARM64
		Release|x64 = Release|x64
		Release|x86 = Release|x86
	EndGlobalSection
	GlobalSection(ProjectConfigurationPlatforms) = postSolution
		{958F0A78-CAFD-4E26-84CB-26924F9AAE3D}.Debug|ARM64.ActiveCfg = Debug|ARM64
		{958F0A78-CAFD-4E26-84CB-26924F9AAE3D}.Debug|ARM64.Build.0 = Debug|ARM64
		{958F0A78-CAFD-4E26-84CB-26924F9AAE3D}.Debug|x64.ActiveCfg = Debug|x64
		{958F0A78-CAFD-4E26-84CB-26924F9AAE3D}.Debug|x64.Build.0 = Debug|x64
		{958F0A78-CAFD-4E26-84CB-26924F9AAE3D}.Debug|x86.ActiveCfg = Debug|Win32
		{958F0A78-CAFD-4E26-84CB-26924F9AAE3D}.Debug|x86.Build.0 = Debug|Win32
		{958F0A78-CAFD-4E26-84CB-26924F9AAE3D}.Release|ARM64.ActiveCfg = Release|ARM64
		{958F0A78-CAFD-4E26-84CB-26924F9AAE3D}.Release|ARM64.Build.0 = Release|ARM64
		{958F0A78-CAFD-4E26-84CB-26924F9AAE3D}.Release|x64.ActiveCfg = Release|x64
		{958F0A78-CAFD-4E26-84CB-26924F9AAE3D}.Release|x64.Build.0 = Release|x64
		{958F0A78-CAFD-4E26-84CB-26924F9AAE3D}.Release|x86.ActiveCfg = Release|Win32
		{958F0A78-CAFD-4E26-84CB-26924F9AAE3D}.Release|x86.Build.0 = Release|Win32
	EndGlobalSection
	GlobalSection(SolutionProperties) = preSolution
		HideSolutionNode = FALSE
	EndGlobalSection
	GlobalSection(ExtensibilityGlobals) = postSolution
		SolutionGuid = {F00AF392-C0F8-45F9-A4F1-4702308AF312}
	EndGlobalSection
EndGlobal
