
Microsoft Visual Studio Solution File, Format Version 12.00
# Visual Studio Version 17
VisualStudioVersion = 17.7.34024.191
MinimumVisualStudioVersion = 10.0.40219.1
Project("{8BC9CEB8-8B4A-11D0-8D11-00A0C91BC942}") = "시험연습3", "시험연습3\시험연습3.vcxproj", "{4E98F7F1-67AC-4E25-972C-BE1276AF1B21}"
EndProject
Global
	GlobalSection(SolutionConfigurationPlatforms) = preSolution
		Debug|ARM64 = Debug|ARM64
		Debug|x64 = Debug|x64
		Debug|x86 = Debug|x86
		Release|ARM64 = Release|ARM64
		Release|x64 = Release|x64
		Release|x86 = Release|x86
	EndGlobalSection
	GlobalSection(ProjectConfigurationPlatforms) = postSolution
		{4E98F7F1-67AC-4E25-972C-BE1276AF1B21}.Debug|ARM64.ActiveCfg = Debug|ARM64
		{4E98F7F1-67AC-4E25-972C-BE1276AF1B21}.Debug|ARM64.Build.0 = Debug|ARM64
		{4E98F7F1-67AC-4E25-972C-BE1276AF1B21}.Debug|x64.ActiveCfg = Debug|x64
		{4E98F7F1-67AC-4E25-972C-BE1276AF1B21}.Debug|x64.Build.0 = Debug|x64
		{4E98F7F1-67AC-4E25-972C-BE1276AF1B21}.Debug|x86.ActiveCfg = Debug|Win32
		{4E98F7F1-67AC-4E25-972C-BE1276AF1B21}.Debug|x86.Build.0 = Debug|Win32
		{4E98F7F1-67AC-4E25-972C-BE1276AF1B21}.Release|ARM64.ActiveCfg = Release|ARM64
		{4E98F7F1-67AC-4E25-972C-BE1276AF1B21}.Release|ARM64.Build.0 = Release|ARM64
		{4E98F7F1-67AC-4E25-972C-BE1276AF1B21}.Release|x64.ActiveCfg = Release|x64
		{4E98F7F1-67AC-4E25-972C-BE1276AF1B21}.Release|x64.Build.0 = Release|x64
		{4E98F7F1-67AC-4E25-972C-BE1276AF1B21}.Release|x86.ActiveCfg = Release|Win32
		{4E98F7F1-67AC-4E25-972C-BE1276AF1B21}.Release|x86.Build.0 = Release|Win32
	EndGlobalSection
	GlobalSection(SolutionProperties) = preSolution
		HideSolutionNode = FALSE
	EndGlobalSection
	GlobalSection(ExtensibilityGlobals) = postSolution
		SolutionGuid = {3B8828CE-3A8E-47DC-91B9-A356232EDD3C}
	EndGlobalSection
EndGlobal
