
Microsoft Visual Studio Solution File, Format Version 12.00
# Visual Studio Version 17
VisualStudioVersion = 17.10.34928.147
MinimumVisualStudioVersion = 10.0.40219.1
Project("{8BC9CEB8-8B4A-11D0-8D11-00A0C91BC942}") = "Project1", "Project1\Project1.vcxproj", "{78A2FC18-7C88-4D1A-A74B-EC4D1D0A3513}"
EndProject
Global
	GlobalSection(SolutionConfigurationPlatforms) = preSolution
		Debug|x64 = Debug|x64
		Debug|x86 = Debug|x86
		Release|x64 = Release|x64
		Release|x86 = Release|x86
	EndGlobalSection
	GlobalSection(ProjectConfigurationPlatforms) = postSolution
		{78A2FC18-7C88-4D1A-A74B-EC4D1D0A3513}.Debug|x64.ActiveCfg = Debug|x64
		{78A2FC18-7C88-4D1A-A74B-EC4D1D0A3513}.Debug|x64.Build.0 = Debug|x64
		{78A2FC18-7C88-4D1A-A74B-EC4D1D0A3513}.Debug|x86.ActiveCfg = Debug|Win32
		{78A2FC18-7C88-4D1A-A74B-EC4D1D0A3513}.Debug|x86.Build.0 = Debug|Win32
		{78A2FC18-7C88-4D1A-A74B-EC4D1D0A3513}.Release|x64.ActiveCfg = Release|x64
		{78A2FC18-7C88-4D1A-A74B-EC4D1D0A3513}.Release|x64.Build.0 = Release|x64
		{78A2FC18-7C88-4D1A-A74B-EC4D1D0A3513}.Release|x86.ActiveCfg = Release|Win32
		{78A2FC18-7C88-4D1A-A74B-EC4D1D0A3513}.Release|x86.Build.0 = Release|Win32
	EndGlobalSection
	GlobalSection(SolutionProperties) = preSolution
		HideSolutionNode = FALSE
	EndGlobalSection
	GlobalSection(ExtensibilityGlobals) = postSolution
		SolutionGuid = {BA15CE30-4348-4D2C-B1A9-BEA447FF8F7B}
	EndGlobalSection
EndGlobal
